
Microsoft Visual Studio Solution File, Format Version 12.00
# Visual Studio Version 16
VisualStudioVersion = 25.0.1704.0
MinimumVisualStudioVersion = 10.0.40219.1
Project("{FAE04EC0-301F-11D3-BF4B-00C04F79EFBC}") = "Mooneey.WebAPI", "Mooneey.WebAPI\Mooneey.WebAPI.csproj", "{02906A8C-1E12-4A0A-901A-2A4C259E5EED}"
EndProject
Project("{FAE04EC0-301F-11D3-BF4B-00C04F79EFBC}") = "Mooneey.Core", "Mooneey.Core\Mooneey.Core.csproj", "{236E12E5-CE60-47CA-B1D4-9D957EF0359B}"
EndProject
Global
	GlobalSection(SolutionConfigurationPlatforms) = preSolution
		Debug|Any CPU = Debug|Any CPU
		Release|Any CPU = Release|Any CPU
	EndGlobalSection
	GlobalSection(ProjectConfigurationPlatforms) = postSolution
		{02906A8C-1E12-4A0A-901A-2A4C259E5EED}.Debug|Any CPU.ActiveCfg = Debug|Any CPU
		{02906A8C-1E12-4A0A-901A-2A4C259E5EED}.Debug|Any CPU.Build.0 = Debug|Any CPU
		{02906A8C-1E12-4A0A-901A-2A4C259E5EED}.Release|Any CPU.ActiveCfg = Release|Any CPU
		{02906A8C-1E12-4A0A-901A-2A4C259E5EED}.Release|Any CPU.Build.0 = Release|Any CPU
		{236E12E5-CE60-47CA-B1D4-9D957EF0359B}.Debug|Any CPU.ActiveCfg = Debug|Any CPU
		{236E12E5-CE60-47CA-B1D4-9D957EF0359B}.Debug|Any CPU.Build.0 = Debug|Any CPU
		{236E12E5-CE60-47CA-B1D4-9D957EF0359B}.Release|Any CPU.ActiveCfg = Release|Any CPU
		{236E12E5-CE60-47CA-B1D4-9D957EF0359B}.Release|Any CPU.Build.0 = Release|Any CPU
	EndGlobalSection
	GlobalSection(SolutionProperties) = preSolution
		HideSolutionNode = FALSE
	EndGlobalSection
	GlobalSection(ExtensibilityGlobals) = postSolution
		SolutionGuid = {3AF340F4-FCA8-4E36-9014-099907A2CDB4}
	EndGlobalSection
EndGlobal
